<?xml version="1.0" encoding="utf-8"?>
<Project ToolsVersion="4.0" xmlns="http://schemas.microsoft.com/developer/msbuild/2003">
  <ItemGroup>
    <ClCompile Include="src\base\screencap.cpp" />
    <ClCompile Include="src\main.cpp" />
    <ClCompile Include="src\base\ocr\font.cpp" />
    <ClCompile Include="src\base\ocr\ocr.cpp" />
    <ClCompile Include="src\pch.cpp" />
    <ClCompile Include="src\test\documents\test_document_data_extraction.cpp" />
    <ClCompile Include="src\test\documents\test_document_preprocessing.cpp" />
    <ClCompile Include="src\test\documents\test_document_boxing.cpp" />
    <ClCompile Include="src\test\documents\test_hsv.cpp" />
    <ClCompile Include="src\base\game_state\components\analyzer.cpp" />
    <ClCompile Include="src\base\game_view.cpp" />
    <ClCompile Include="src\base\documents_v2\doc_class.cpp" />
    <ClCompile Include="src\base\document_data\date.cpp" />
    <ClCompile Include="src\base\documents_v2\doc_data.cpp" />
    <ClCompile Include="src\base\documents_v2\doc_extractor.cpp" />
    <ClCompile Include="src\base\game_state\mediators\gamer_controller.cpp" />
    <ClCompile Include="src\base\game_state\components\game_state.cpp" />
    <ClCompile Include="src\base\game_state\components\inspection.cpp" />
    <ClCompile Include="src\base\game_state\components\booth.cpp" />
    <ClCompile Include="src\base\documents_v2\doc_appearance.cpp" />
    <ClCompile Include="src\base\documents_v2\doc_layout.cpp" />
    <ClCompile Include="src\base\game_state\rules.cpp" />
    <ClCompile Include="src\base\game_state\criminals.cpp" />
    <ClCompile Include="src\base\game_state\transcript.cpp" />
    <ClCompile Include="src\base\game_state\components\profiler_state.cpp" />
    <ClCompile Include="src\base\utils\log.cpp" />
    <ClCompile Include="src\base\documents_v2\seal.cpp" />
    <ClCompile Include="src\base\game_state\components\document_state.cpp" />
  </ItemGroup>
  <ItemGroup>
    <ClInclude Include="src\base\color.h" />
    <ClInclude Include="src\base\common.h" />
    <ClInclude Include="src\base\game_view.h" />
    <ClInclude Include="src\base\image_process.h" />
    <ClInclude Include="src\base\ocr\font.h" />
    <ClInclude Include="src\base\ocr\ocr.h" />
    <ClInclude Include="src\base\screencap.h" />
    <ClInclude Include="src\base\shape.h" />
    <ClInclude Include="src\pch.h" />
    <ClInclude Include="src\test\documents\test_document_data_extraction.h" />
    <ClInclude Include="src\test\documents\test_document_preprocessing.h" />
    <ClInclude Include="src\test\documents\test_document_boxing.h" />
    <ClInclude Include="src\test\documents\test_hsv.h" />
    <ClInclude Include="src\base\game_state\mediators\game_controller.h" />
    <ClInclude Include="src\base\game_state\components\analyzer.h" />
    <ClInclude Include="src\base\analyzer\profile.h" />
    <ClInclude Include="src\base\documents_v2\doc_class.h" />
    <ClInclude Include="src\base\documents_v2\doc_appearance.h" />
    <ClInclude Include="src\base\documents_v2\doc_type.h" />
    <ClInclude Include="src\base\documents_v2\doc_data.h" />
    <ClInclude Include="src\base\document_data\date.h" />
    <ClInclude Include="src\base\documents_v2\doc_layout.h" />
    <ClInclude Include="src\base\documents_v2\doc_appearance.inl.h" />
    <ClInclude Include="src\base\documents_v2\doc_layout.inl.h" />
    <ClInclude Include="src\base\document_data\field_data.h" />
    <ClInclude Include="src\base\documents_v2\doc_extractor.h" />
    <ClInclude Include="src\base\game_state\components\game_state.h" />
    <ClInclude Include="src\base\game_state\components\inspection.h" />
    <ClInclude Include="src\base\game_state\rules.h" />
    <ClInclude Include="src\base\game_state\criminals.h" />
    <ClInclude Include="src\base\document_data\photo.h" />
    <ClInclude Include="src\base\game_state\transcript.h" />
    <ClInclude Include="src\base\game_state\components\booth.h" />
    <ClInclude Include="src\base\game_state\mediators\analysis_mediator.h" />
    <ClInclude Include="src\base\game_state\components\component.h" />
    <ClInclude Include="src\base\game_state\components\profiler_state.h" />
    <ClInclude Include="src\base\utils\log.h" />
    <ClInclude Include="src\base\documents_v2\seal.h" />
    <ClInclude Include="src\base\game_state\components\document_state.h" />
    <ClInclude Include="src\base\documents_v2\doc_data_type.h" />
    <ClInclude Include="src\base\documents_v2\doc_type.inl.h" />
    <ClInclude Include="src\base\documents_v2\utils\str_scanner.h" />
  </ItemGroup>
  <ItemGroup>
    <None Include="src\base\documents_v2\bounding_box_finder.inc" />
  </ItemGroup>
</Project>