<?xml version="1.0" encoding="utf-8"?>
<Project ToolsVersion="4.0" xmlns="http://schemas.microsoft.com/developer/msbuild/2003">
  <ItemGroup>
    <ClCompile Include="src\base\screencap.cpp" />
    <ClCompile Include="src\main.cpp" />
    <ClCompile Include="src\base\ocr\font.cpp" />
    <ClCompile Include="src\base\ocr\ocr.cpp" />
    <ClCompile Include="src\pch.cpp" />
    <ClCompile Include="src\test\documents\test_document_data_extraction.cpp" />
    <ClCompile Include="src\test\documents\test_document_preprocessing.cpp" />
    <ClCompile Include="src\test\documents\test_document_boxing.cpp" />
    <ClCompile Include="src\test\documents\test_hsv.cpp" />
    <ClCompile Include="src\base\analysis\document_analyzer.cpp" />
    <ClCompile Include="src\base\game_view.cpp" />
    <ClCompile Include="src\base\documents\doc_class.cpp" />
    <ClCompile Include="src\base\documents\data\date.cpp" />
    <ClCompile Include="src\base\documents\doc_data.cpp" />
    <ClCompile Include="src\base\documents\doc_extractor.cpp" />
    <ClCompile Include="src\base\analysis\game_controller.cpp" />
    <ClCompile Include="src\base\analysis\components\game_state.cpp" />
    <ClCompile Include="src\base\analysis\scannable\inspection.cpp" />
    <ClCompile Include="src\base\analysis\scannable\booth.cpp" />
    <ClCompile Include="src\base\documents\doc_appearance.cpp" />
    <ClCompile Include="src\base\documents\doc_layout.cpp" />
    <ClCompile Include="src\base\analysis\data\rules.cpp" />
    <ClCompile Include="src\base\analysis\data\criminals.cpp" />
    <ClCompile Include="src\base\analysis\data\transcript.cpp" />
    <ClCompile Include="src\base\analysis\components\applicant_state.cpp" />
    <ClCompile Include="src\base\utils\log.cpp" />
    <ClCompile Include="src\base\documents\seal.cpp" />
    <ClCompile Include="src\base\analysis\components\document_state.cpp" />
    <ClCompile Include="src\base\analysis\scannable\scan_context.cpp" />
    <ClCompile Include="src\base\analysis\analysis_context.cpp" />
    <ClCompile Include="src\base\analysis\photo_analysis\applicant_analysis.cpp" />
  </ItemGroup>
  <ItemGroup>
    <ClInclude Include="src\base\color.h" />
    <ClInclude Include="src\base\common.h" />
    <ClInclude Include="src\base\game_view.h" />
    <ClInclude Include="src\base\image_process.h" />
    <ClInclude Include="src\base\ocr\font.h" />
    <ClInclude Include="src\base\ocr\ocr.h" />
    <ClInclude Include="src\base\screencap.h" />
    <ClInclude Include="src\base\shape.h" />
    <ClInclude Include="src\pch.h" />
    <ClInclude Include="src\test\documents\test_document_data_extraction.h" />
    <ClInclude Include="src\test\documents\test_document_preprocessing.h" />
    <ClInclude Include="src\test\documents\test_document_boxing.h" />
    <ClInclude Include="src\test\documents\test_hsv.h" />
    <ClInclude Include="src\base\analysis\game_controller.h" />
    <ClInclude Include="src\base\analysis\document_analyzer.h" />
    <ClInclude Include="src\base\documents\doc_class.h" />
    <ClInclude Include="src\base\documents\doc_appearance.h" />
    <ClInclude Include="src\base\documents\doc_type.h" />
    <ClInclude Include="src\base\documents\doc_data.h" />
    <ClInclude Include="src\base\documents\data\date.h" />
    <ClInclude Include="src\base\documents\doc_layout.h" />
    <ClInclude Include="src\base\documents\doc_appearance.inl.h" />
    <ClInclude Include="src\base\documents\doc_layout.inl.h" />
    <ClInclude Include="src\base\documents\data\field_data.h" />
    <ClInclude Include="src\base\documents\doc_extractor.h" />
    <ClInclude Include="src\base\analysis\components\game_state.h" />
    <ClInclude Include="src\base\analysis\scannable\inspection.h" />
    <ClInclude Include="src\base\analysis\data\rules.h" />
    <ClInclude Include="src\base\analysis\data\criminals.h" />
    <ClInclude Include="src\base\documents\data\photo.h" />
    <ClInclude Include="src\base\analysis\data\transcript.h" />
    <ClInclude Include="src\base\analysis\scannable\booth.h" />
    <ClInclude Include="src\base\analysis\mediators\analysis_mediator.h" />
    <ClInclude Include="src\base\analysis\components\component.h" />
    <ClInclude Include="src\base\analysis\components\applicant_state.h" />
    <ClInclude Include="src\base\utils\log.h" />
    <ClInclude Include="src\base\documents\seal.h" />
    <ClInclude Include="src\base\analysis\components\document_state.h" />
    <ClInclude Include="src\base\documents\doc_data_type.h" />
    <ClInclude Include="src\base\documents\doc_type.inl.h" />
    <ClInclude Include="src\base\documents\utils\str_scanner.h" />
    <ClInclude Include="src\base\analysis\scannable\scan_context.h" />
    <ClInclude Include="src\base\analysis\analysis_context.h" />
    <ClInclude Include="src\base\analysis\analysis_context.inl.h" />
    <ClInclude Include="src\base\utils\fixed_array.h" />
    <ClInclude Include="src\base\documents\doc_data.inl.h" />
    <ClInclude Include="src\base\utils\strfuncs.h" />
    <ClInclude Include="src\base\utils\enum_range.h" />
    <ClInclude Include="src\base\utils\metaprogramming.h" />
    <ClInclude Include="src\base\analysis\photo_analysis\applicant_analysis.h" />
  </ItemGroup>
  <ItemGroup>
    <None Include="src\base\documents\bounding_box_finder.inc" />
  </ItemGroup>
</Project>